
Microsoft Visual Studio Solution File, Format Version 12.00
# Visual Studio Version 17
VisualStudioVersion = 17.14.36301.6 d17.14
MinimumVisualStudioVersion = 10.0.40219.1
Project("{FAE04EC0-301F-11D3-BF4B-00C04F79EFBC}") = "ASS WEEK 3", "ASS WEEK 3.csproj", "{3D2DDB93-95E9-44EC-87F4-E812C3EAD205}"
EndProject
Global
	GlobalSection(SolutionConfigurationPlatforms) = preSolution
		Debug|Any CPU = Debug|Any CPU
		Release|Any CPU = Release|Any CPU
	EndGlobalSection
	GlobalSection(ProjectConfigurationPlatforms) = postSolution
		{3D2DDB93-95E9-44EC-87F4-E812C3EAD205}.Debug|Any CPU.ActiveCfg = Debug|Any CPU
		{3D2DDB93-95E9-44EC-87F4-E812C3EAD205}.Debug|Any CPU.Build.0 = Debug|Any CPU
		{3D2DDB93-95E9-44EC-87F4-E812C3EAD205}.Release|Any CPU.ActiveCfg = Release|Any CPU
		{3D2DDB93-95E9-44EC-87F4-E812C3EAD205}.Release|Any CPU.Build.0 = Release|Any CPU
	EndGlobalSection
	GlobalSection(SolutionProperties) = preSolution
		HideSolutionNode = FALSE
	EndGlobalSection
	GlobalSection(ExtensibilityGlobals) = postSolution
		SolutionGuid = {58545D40-1956-40BB-B758-9E59ED80B7C7}
	EndGlobalSection
EndGlobal
